
Microsoft Visual Studio Solution File, Format Version 12.00
# Visual Studio 15
VisualStudioVersion = 15.0.28307.902
MinimumVisualStudioVersion = 10.0.40219.1
Project("{FAE04EC0-301F-11D3-BF4B-00C04F79EFBC}") = "CoinToss", "CoinToss\CoinToss.csproj", "{CF385697-E00A-4CDA-B1B0-E03CA1DFE6E2}"
EndProject
Global
	GlobalSection(SolutionConfigurationPlatforms) = preSolution
		Debug|Any CPU = Debug|Any CPU
		Release|Any CPU = Release|Any CPU
	EndGlobalSection
	GlobalSection(ProjectConfigurationPlatforms) = postSolution
		{CF385697-E00A-4CDA-B1B0-E03CA1DFE6E2}.Debug|Any CPU.ActiveCfg = Debug|Any CPU
		{CF385697-E00A-4CDA-B1B0-E03CA1DFE6E2}.Debug|Any CPU.Build.0 = Debug|Any CPU
		{CF385697-E00A-4CDA-B1B0-E03CA1DFE6E2}.Release|Any CPU.ActiveCfg = Release|Any CPU
		{CF385697-E00A-4CDA-B1B0-E03CA1DFE6E2}.Release|Any CPU.Build.0 = Release|Any CPU
	EndGlobalSection
	GlobalSection(SolutionProperties) = preSolution
		HideSolutionNode = FALSE
	EndGlobalSection
	GlobalSection(ExtensibilityGlobals) = postSolution
		SolutionGuid = {E5CE02C6-E58D-48BB-8B6A-BE3DC9D02F41}
	EndGlobalSection
EndGlobal
